# THIS IS AN AUTOGENERATED FILE. DO NOT EDIT THIS FILE DIRECTLY.
# yarn lockfile v1


"@remix-run/router@1.23.1":
  version "1.23.1"
  resolved "https://registry.yarnpkg.com/@remix-run/router/-/router-1.23.1.tgz#0ce8857b024e24fc427585316383ad9d295b3a7f"
  integrity sha512-vDbaOzF7yT2Qs4vO6XV1MHcJv+3dgR1sT+l3B8xxOVhUC336prMvqrvsLL/9Dnw2xr6Qhz4J0dmS0llNAbnUmQ==

"@types/react-dom@^19.1.0":
  version "19.2.3"
  resolved "https://registry.yarnpkg.com/@types/react-dom/-/react-dom-19.2.3.tgz#c1e305d15a52a3e508d54dca770d202cb63abf2c"
  integrity sha512-jp2L/eY6fn+KgVVQAOqYItbF0VY/YApe5Mz2F0aykSO8gx31bYCZyvSeYxCHKvzHG5eZjc+zyaS5BrBWya2+kQ==

"@types/react@^19.1.0":
  version "19.2.7"
  resolved "https://registry.yarnpkg.com/@types/react/-/react-19.2.7.tgz#84e62c0f23e8e4e5ac2cadcea1ffeacccae7f62f"
  integrity sha512-MWtvHrGZLFttgeEj28VXHxpmwYbor/ATPYbBfSFZEIRK0ecCFLl2Qo55z52Hss+UV9CRN7trSeq1zbgx7YDWWg==
  dependencies:
    csstype "^3.2.2"

csstype@^3.2.2:
  version "3.2.3"
  resolved "https://registry.yarnpkg.com/csstype/-/csstype-3.2.3.tgz#ec48c0f3e993e50648c86da559e2610995cf989a"
  integrity sha512-z1HGKcYy2xA8AGQfwrn0PAy+PB7X/GSj3UVJW9qKyn43xWa+gl5nXmU4qqLMRzWVLFC8KusUX8T/0kCiOYpAIQ==

react-dom@^19.1.0:
  version "19.2.3"
  resolved "https://registry.yarnpkg.com/react-dom/-/react-dom-19.2.3.tgz#f0b61d7e5c4a86773889fcc1853af3ed5f215b17"
  integrity sha512-yELu4WmLPw5Mr/lmeEpox5rw3RETacE++JgHqQzd2dg+YbJuat3jH4ingc+WPZhxaoFzdv9y33G+F7Nl5O0GBg==
  dependencies:
    scheduler "^0.27.0"

react-router-dom@^6.0.0:
  version "6.30.2"
  resolved "https://registry.yarnpkg.com/react-router-dom/-/react-router-dom-6.30.2.tgz#ee8c161bce4890d34484b552f8510f9af0e22b01"
  integrity sha512-l2OwHn3UUnEVUqc6/1VMmR1cvZryZ3j3NzapC2eUXO1dB0sYp5mvwdjiXhpUbRb21eFow3qSxpP8Yv6oAU824Q==
  dependencies:
    "@remix-run/router" "1.23.1"
    react-router "6.30.2"

react-router@6.30.2:
  version "6.30.2"
  resolved "https://registry.yarnpkg.com/react-router/-/react-router-6.30.2.tgz#c78a3b40f7011f49a373b1df89492e7d4ec12359"
  integrity sha512-H2Bm38Zu1bm8KUE5NVWRMzuIyAV8p/JrOaBJAwVmp37AXG72+CZJlEBw6pdn9i5TBgLMhNDgijS4ZlblpHyWTA==
  dependencies:
    "@remix-run/router" "1.23.1"

react@^19.1.0:
  version "19.2.3"
  resolved "https://registry.yarnpkg.com/react/-/react-19.2.3.tgz#d83e5e8e7a258cf6b4fe28640515f99b87cd19b8"
  integrity sha512-Ku/hhYbVjOQnXDZFv2+RibmLFGwFdeeKHFcOTlrt7xplBnya5OGn/hIRDsqDiSUcfORsDC7MPxwork8jBwsIWA==

scheduler@^0.27.0:
  version "0.27.0"
  resolved "https://registry.yarnpkg.com/scheduler/-/scheduler-0.27.0.tgz#0c4ef82d67d1e5c1e359e8fc76d3a87f045fe5bd"
  integrity sha512-eNv+WrVbKu1f3vbYJT/xtiF5syA5HPIMtf9IgY/nKg0sWqzAUEvqY/xm7OcZc/qafLx/iO9FgOmeSAp4v5ti/Q==

typescript@^5.9.2:
  version "5.9.3"
  resolved "https://registry.yarnpkg.com/typescript/-/typescript-5.9.3.tgz#5b4f59e15310ab17a216f5d6cf53ee476ede670f"
  integrity sha512-jl1vZzPDinLr9eUt3J/t7V6FgNEw9QjvBPdysz9KfQDD41fQrC2Y4vKQdiaUpFT4bXlb1RHhLpp8wtm6M5TgSw==
